
Microsoft Visual Studio Solution File, Format Version 12.00
# Visual Studio Version 17
VisualStudioVersion = 17.4.33122.133
MinimumVisualStudioVersion = 10.0.40219.1
Project("{9A19103F-16F7-4668-BE54-9A1E7A4F7556}") = "Day2", "Day2\Day2.csproj", "{3DE77303-CA6E-4964-9E01-6ED15984861A}"
EndProject
Project("{9A19103F-16F7-4668-BE54-9A1E7A4F7556}") = "Day1", "Day1\Day1.csproj", "{ECD6F389-4D1F-4EFD-9CE1-E7EC3D62B047}"
EndProject
Project("{9A19103F-16F7-4668-BE54-9A1E7A4F7556}") = "Day3", "Day3\Day3.csproj", "{7BA8B200-E65B-4773-810C-DC7DB25A5566}"
EndProject
Project("{9A19103F-16F7-4668-BE54-9A1E7A4F7556}") = "Day4", "Day4\Day4.csproj", "{4DB8FEE2-1BED-46D2-94CB-0486EA7FD76A}"
EndProject
Project("{9A19103F-16F7-4668-BE54-9A1E7A4F7556}") = "Day5", "Day5\Day5.csproj", "{9EACC92B-36D7-4918-BB26-7DDA37C6E8FA}"
EndProject
Project("{9A19103F-16F7-4668-BE54-9A1E7A4F7556}") = "Day6", "Day6\Day6.csproj", "{E0CA1815-57B2-4850-B832-D5E6F4DC6473}"
EndProject
Project("{9A19103F-16F7-4668-BE54-9A1E7A4F7556}") = "Day7", "Day7\Day7.csproj", "{B63910AC-39A6-47C4-94DF-429A25B57C25}"
EndProject
Project("{9A19103F-16F7-4668-BE54-9A1E7A4F7556}") = "Day8", "Day8\Day8.csproj", "{1F22B8ED-B136-4D9F-A5AD-649FA63EEF97}"
EndProject
Project("{9A19103F-16F7-4668-BE54-9A1E7A4F7556}") = "Day9", "Day9\Day9.csproj", "{537A56A0-490C-4FBC-A936-B42B49D408D2}"
EndProject
Project("{9A19103F-16F7-4668-BE54-9A1E7A4F7556}") = "Day10", "Day10\Day10.csproj", "{C33875DD-E116-46D4-A101-AAA939DFAEC2}"
EndProject
Project("{FAE04EC0-301F-11D3-BF4B-00C04F79EFBC}") = "Day11", "Day11\Day11.csproj", "{19AC4191-9735-4E91-A5C5-C352C0D6F7F8}"
EndProject
Global
	GlobalSection(SolutionConfigurationPlatforms) = preSolution
		Debug|Any CPU = Debug|Any CPU
		Release|Any CPU = Release|Any CPU
	EndGlobalSection
	GlobalSection(ProjectConfigurationPlatforms) = postSolution
		{3DE77303-CA6E-4964-9E01-6ED15984861A}.Debug|Any CPU.ActiveCfg = Debug|Any CPU
		{3DE77303-CA6E-4964-9E01-6ED15984861A}.Debug|Any CPU.Build.0 = Debug|Any CPU
		{3DE77303-CA6E-4964-9E01-6ED15984861A}.Release|Any CPU.ActiveCfg = Release|Any CPU
		{3DE77303-CA6E-4964-9E01-6ED15984861A}.Release|Any CPU.Build.0 = Release|Any CPU
		{ECD6F389-4D1F-4EFD-9CE1-E7EC3D62B047}.Debug|Any CPU.ActiveCfg = Debug|Any CPU
		{ECD6F389-4D1F-4EFD-9CE1-E7EC3D62B047}.Debug|Any CPU.Build.0 = Debug|Any CPU
		{ECD6F389-4D1F-4EFD-9CE1-E7EC3D62B047}.Release|Any CPU.ActiveCfg = Release|Any CPU
		{ECD6F389-4D1F-4EFD-9CE1-E7EC3D62B047}.Release|Any CPU.Build.0 = Release|Any CPU
		{7BA8B200-E65B-4773-810C-DC7DB25A5566}.Debug|Any CPU.ActiveCfg = Debug|Any CPU
		{7BA8B200-E65B-4773-810C-DC7DB25A5566}.Debug|Any CPU.Build.0 = Debug|Any CPU
		{7BA8B200-E65B-4773-810C-DC7DB25A5566}.Release|Any CPU.ActiveCfg = Release|Any CPU
		{7BA8B200-E65B-4773-810C-DC7DB25A5566}.Release|Any CPU.Build.0 = Release|Any CPU
		{4DB8FEE2-1BED-46D2-94CB-0486EA7FD76A}.Debug|Any CPU.ActiveCfg = Debug|Any CPU
		{4DB8FEE2-1BED-46D2-94CB-0486EA7FD76A}.Debug|Any CPU.Build.0 = Debug|Any CPU
		{4DB8FEE2-1BED-46D2-94CB-0486EA7FD76A}.Release|Any CPU.ActiveCfg = Release|Any CPU
		{4DB8FEE2-1BED-46D2-94CB-0486EA7FD76A}.Release|Any CPU.Build.0 = Release|Any CPU
		{9EACC92B-36D7-4918-BB26-7DDA37C6E8FA}.Debug|Any CPU.ActiveCfg = Debug|Any CPU
		{9EACC92B-36D7-4918-BB26-7DDA37C6E8FA}.Debug|Any CPU.Build.0 = Debug|Any CPU
		{9EACC92B-36D7-4918-BB26-7DDA37C6E8FA}.Release|Any CPU.ActiveCfg = Release|Any CPU
		{9EACC92B-36D7-4918-BB26-7DDA37C6E8FA}.Release|Any CPU.Build.0 = Release|Any CPU
		{E0CA1815-57B2-4850-B832-D5E6F4DC6473}.Debug|Any CPU.ActiveCfg = Debug|Any CPU
		{E0CA1815-57B2-4850-B832-D5E6F4DC6473}.Debug|Any CPU.Build.0 = Debug|Any CPU
		{E0CA1815-57B2-4850-B832-D5E6F4DC6473}.Release|Any CPU.ActiveCfg = Release|Any CPU
		{E0CA1815-57B2-4850-B832-D5E6F4DC6473}.Release|Any CPU.Build.0 = Release|Any CPU
		{B63910AC-39A6-47C4-94DF-429A25B57C25}.Debug|Any CPU.ActiveCfg = Debug|Any CPU
		{B63910AC-39A6-47C4-94DF-429A25B57C25}.Debug|Any CPU.Build.0 = Debug|Any CPU
		{B63910AC-39A6-47C4-94DF-429A25B57C25}.Release|Any CPU.ActiveCfg = Release|Any CPU
		{B63910AC-39A6-47C4-94DF-429A25B57C25}.Release|Any CPU.Build.0 = Release|Any CPU
		{1F22B8ED-B136-4D9F-A5AD-649FA63EEF97}.Debug|Any CPU.ActiveCfg = Debug|Any CPU
		{1F22B8ED-B136-4D9F-A5AD-649FA63EEF97}.Debug|Any CPU.Build.0 = Debug|Any CPU
		{1F22B8ED-B136-4D9F-A5AD-649FA63EEF97}.Release|Any CPU.ActiveCfg = Release|Any CPU
		{1F22B8ED-B136-4D9F-A5AD-649FA63EEF97}.Release|Any CPU.Build.0 = Release|Any CPU
		{537A56A0-490C-4FBC-A936-B42B49D408D2}.Debug|Any CPU.ActiveCfg = Debug|Any CPU
		{537A56A0-490C-4FBC-A936-B42B49D408D2}.Debug|Any CPU.Build.0 = Debug|Any CPU
		{537A56A0-490C-4FBC-A936-B42B49D408D2}.Release|Any CPU.ActiveCfg = Release|Any CPU
		{537A56A0-490C-4FBC-A936-B42B49D408D2}.Release|Any CPU.Build.0 = Release|Any CPU
		{C33875DD-E116-46D4-A101-AAA939DFAEC2}.Debug|Any CPU.ActiveCfg = Debug|Any CPU
		{C33875DD-E116-46D4-A101-AAA939DFAEC2}.Debug|Any CPU.Build.0 = Debug|Any CPU
		{C33875DD-E116-46D4-A101-AAA939DFAEC2}.Release|Any CPU.ActiveCfg = Release|Any CPU
		{C33875DD-E116-46D4-A101-AAA939DFAEC2}.Release|Any CPU.Build.0 = Release|Any CPU
		{19AC4191-9735-4E91-A5C5-C352C0D6F7F8}.Debug|Any CPU.ActiveCfg = Debug|Any CPU
		{19AC4191-9735-4E91-A5C5-C352C0D6F7F8}.Debug|Any CPU.Build.0 = Debug|Any CPU
		{19AC4191-9735-4E91-A5C5-C352C0D6F7F8}.Release|Any CPU.ActiveCfg = Release|Any CPU
		{19AC4191-9735-4E91-A5C5-C352C0D6F7F8}.Release|Any CPU.Build.0 = Release|Any CPU
	EndGlobalSection
	GlobalSection(SolutionProperties) = preSolution
		HideSolutionNode = FALSE
	EndGlobalSection
	GlobalSection(ExtensibilityGlobals) = postSolution
		SolutionGuid = {092F1DCC-924D-4C0E-A937-4D5AEDACDD7C}
	EndGlobalSection
EndGlobal
